{
  "name": "glouton",
  "lockfileVersion": 2,
  "requires": true,
  "packages": {
    "": {
      "dependencies": {
        "@types/echarts": "^4.9.22"
      }
    },
    "node_modules/@types/echarts": {
      "version": "4.9.22",
      "resolved": "https://registry.npmjs.org/@types/echarts/-/echarts-4.9.22.tgz",
      "integrity": "sha512-7Fo6XdWpoi8jxkwP7BARUOM7riq8bMhmsCtSG8gzUcJmFhLo387tihoBYS/y5j7jl3PENT5RxeWZdN9RiwO7HQ==",
      "dependencies": {
        "@types/zrender": "*"
      }
    },
    "node_modules/@types/zrender": {
      "version": "4.0.6",
      "resolved": "https://registry.npmjs.org/@types/zrender/-/zrender-4.0.6.tgz",
      "integrity": "sha512-1jZ9bJn2BsfmYFPBHtl5o3uV+ILejAtGrDcYSpT4qaVKEI/0YY+arw3XHU04Ebd8Nca3SQ7uNcLaqiL+tTFVMg=="
    }
  },
  "dependencies": {
    "@types/echarts": {
      "version": "4.9.22",
      "resolved": "https://registry.npmjs.org/@types/echarts/-/echarts-4.9.22.tgz",
      "integrity": "sha512-7Fo6XdWpoi8jxkwP7BARUOM7riq8bMhmsCtSG8gzUcJmFhLo387tihoBYS/y5j7jl3PENT5RxeWZdN9RiwO7HQ==",
      "requires": {
        "@types/zrender": "*"
      }
    },
    "@types/zrender": {
      "version": "4.0.6",
      "resolved": "https://registry.npmjs.org/@types/zrender/-/zrender-4.0.6.tgz",
      "integrity": "sha512-1jZ9bJn2BsfmYFPBHtl5o3uV+ILejAtGrDcYSpT4qaVKEI/0YY+arw3XHU04Ebd8Nca3SQ7uNcLaqiL+tTFVMg=="
    }
  }
}
