# This file is autogenerated, do not edit; changes may be undone by the next 'dep ensure'.


[[projects]]
  name = "github.com/StackExchange/wmi"
  packages = ["."]
  revision = "5d049714c4a64225c3c79a7cf7d02f7fb5b96338"
  version = "1.0.0"

[[projects]]
  name = "github.com/davecgh/go-spew"
  packages = ["spew"]
  revision = "8991bc29aa16c548c550c7ff78260e27b9ab7c73"
  version = "v1.1.1"

[[projects]]
  name = "github.com/go-ole/go-ole"
  packages = [".","oleutil"]
  revision = "39dc8486bd0952279431257138bc428275b86797"
  version = "v1.2.2"

[[projects]]
  name = "github.com/go-redis/redis"
  packages = [".","internal","internal/consistenthash","internal/hashtag","internal/pool","internal/proto","internal/util"]
  revision = "22be8a3eaf992c828cecb69dc07348313bf08d2e"
  version = "v6.15.1"

[[projects]]
  name = "github.com/go-sql-driver/mysql"
  packages = ["."]
  revision = "72cd26f257d44c1114970e19afddcd812016007e"
  version = "v1.4.1"

[[projects]]
  name = "github.com/gobwas/glob"
  packages = [".","compiler","match","syntax","syntax/ast","syntax/lexer","util/runes","util/strings"]
  revision = "5ccd90ef52e1e632236f7326478d4faa74f99438"
  version = "v0.2.3"

[[projects]]
  name = "github.com/influxdata/telegraf"
  packages = [".","filter","internal","internal/tls","plugins/inputs","plugins/inputs/cpu","plugins/inputs/disk","plugins/inputs/diskio","plugins/inputs/linux_sysctl_fs","plugins/inputs/mem","plugins/inputs/mysql","plugins/inputs/mysql/v1","plugins/inputs/net","plugins/inputs/nginx","plugins/inputs/processes","plugins/inputs/redis","plugins/inputs/swap","plugins/inputs/system"]
  revision = "f297910623fc8797618fe6b2ee3e393c1c41697c"
  version = "1.8.3"

[[projects]]
  name = "github.com/pmezard/go-difflib"
  packages = ["difflib"]
  revision = "792786c7400a136282c1664665ae0a8db921c6c2"
  version = "v1.0.0"

[[projects]]
  name = "github.com/shirou/gopsutil"
  packages = ["cpu","disk","host","internal/common","load","mem","net","process"]
  revision = "ccc1c1016bc5d10e803189ee43417c50cdde7f1b"
  version = "v2.18.12"

[[projects]]
  branch = "master"
  name = "github.com/shirou/w32"
  packages = ["."]
  revision = "bb4de0191aa41b5507caa14b0650cdbddcd9280b"

[[projects]]
  name = "github.com/stretchr/objx"
  packages = ["."]
  revision = "477a77ecc69700c7cdeb1fa9e129548e1c1c393c"
  version = "v0.1.1"

[[projects]]
  name = "github.com/stretchr/testify"
  packages = ["assert","mock"]
  revision = "ffdc059bfe9ce6a4e144ba849dbedead332c6053"
  version = "v1.3.0"

[[projects]]
  branch = "master"
  name = "golang.org/x/sys"
  packages = ["unix","windows"]
  revision = "b90733256f2e882e81d52f9126de08df5615afd9"

[[projects]]
  name = "google.golang.org/appengine"
  packages = ["cloudsql"]
  revision = "e9657d882bb81064595ca3b56cbe2546bbabf7b1"
  version = "v1.4.0"

[solve-meta]
  analyzer-name = "dep"
  analyzer-version = 1
  inputs-digest = "f20ad08feeb17017c51a2957cabba563cc2b6b2d47021eca98566f0aa9f373e6"
  solver-name = "gps-cdcl"
  solver-version = 1
