hash: db2ed76d716b63fcd854cecc3347c7be4fd4f4382f7b550df6c763cef50aadcb
updated: 2018-08-28T16:12:25.038528908+02:00
imports:
- name: collectd.org
  version: 606bd390f38f050824c77208d6715ed59e3692ac
  subpackages:
  - api
  - cdtime
  - network
- name: github.com/aerospike/aerospike-client-go
  version: e2f1de7b350e7fb8f14d32b87122a3a3e2a4667d
  subpackages:
  - internal/lua
  - internal/lua/resources
  - logger
  - pkg/bcrypt
  - pkg/ripemd160
  - types
  - types/atomic
  - types/particle_type
  - types/rand
  - utils/buffer
- name: github.com/alecthomas/template
  version: a0175ee3bccc567396460bf5acd36800cb10c49c
  subpackages:
  - parse
- name: github.com/alecthomas/units
  version: 2efee857e7cfd4f3d0138cc3cbb1b4966962b93a
- name: github.com/apache/thrift
  version: 6e67faa92827ece022380b211c2caaadd6145bf5
  subpackages:
  - lib/go/thrift
- name: github.com/armon/go-metrics
  version: 3c58d8115a78a6879e5df75ae900846768d36895
- name: github.com/aws/aws-sdk-go
  version: 29a1971386925052e4dbdd34cfc8c367f95119cc
  subpackages:
  - aws
  - aws/awserr
  - aws/awsutil
  - aws/client
  - aws/client/metadata
  - aws/corehandlers
  - aws/credentials
  - aws/credentials/ec2rolecreds
  - aws/credentials/endpointcreds
  - aws/credentials/stscreds
  - aws/csm
  - aws/defaults
  - aws/ec2metadata
  - aws/endpoints
  - aws/request
  - aws/session
  - aws/signer/v4
  - internal/sdkio
  - internal/sdkrand
  - internal/sdkuri
  - internal/shareddefaults
  - private/protocol
  - private/protocol/query
  - private/protocol/query/queryutil
  - private/protocol/rest
  - private/protocol/xml/xmlutil
  - service/cloudwatch
  - service/sts
- name: github.com/bsm/sarama-cluster
  version: c618e605e15c0d7535f6c96ff8efbb0dba4fd66c
- name: github.com/cenkalti/backoff
  version: b7325b0f3f1097c6546ea5e83c4a23267e58ad71
- name: github.com/couchbase/go-couchbase
  version: 5a0c9a51996952787fa7d77dc1635661c4369f0c
- name: github.com/couchbase/gomemcached
  version: 20e69a1ee160444d2663130ce853ac969aec4689
  subpackages:
  - client
- name: github.com/couchbase/goutils
  version: e865a1461c8ac0032bd37e2d4dab3289faea3873
  subpackages:
  - logging
  - scramsha
- name: github.com/davecgh/go-spew
  version: 8991bc29aa16c548c550c7ff78260e27b9ab7c73
  subpackages:
  - spew
- name: github.com/dgrijalva/jwt-go
  version: 0b96aaa707760d6ab28d9b9d1913ff5993328bae
- name: github.com/docker/distribution
  version: 059f301d548d58085032e6af149a08352221f792
  subpackages:
  - digestset
  - reference
- name: github.com/docker/docker
  version: e8cc5a0b3761f2b6ce12e7c4244180ed061c8153
  subpackages:
  - api
  - api/types
  - api/types/blkiodev
  - api/types/container
  - api/types/events
  - api/types/filters
  - api/types/image
  - api/types/mount
  - api/types/network
  - api/types/registry
  - api/types/strslice
  - api/types/swarm
  - api/types/swarm/runtime
  - api/types/time
  - api/types/versions
  - api/types/volume
  - client
  - errdefs
- name: github.com/docker/go-connections
  version: 97c2040d34dfae1d1b1275fa3a78dbdd2f41cf7e
  subpackages:
  - nat
  - sockets
  - tlsconfig
- name: github.com/docker/go-units
  version: 47565b4f722fb6ceae66b95f853feed578a4a51c
- name: github.com/eapache/go-resiliency
  version: ea41b0fad31007accc7f806884dcdf3da98b79ce
  subpackages:
  - breaker
- name: github.com/eapache/go-xerial-snappy
  version: 776d5712da21bc4762676d614db1d8a64f4238b0
- name: github.com/eapache/queue
  version: 093482f3f8ce946c05bcba64badd2c82369e084d
- name: github.com/eclipse/paho.mqtt.golang
  version: 88c4622b8e24c52f64a0caaa28e40b91629bb6e6
  subpackages:
  - packets
- name: github.com/go-ini/ini
  version: 5cf292cae48347c2490ac1a58fe36735fb78df7e
- name: github.com/go-logfmt/logfmt
  version: 390ab7935ee28ec6b286364bba9b4dd6410cb3d5
- name: github.com/go-ole/go-ole
  version: 7a0fa49edf48165190530c675167e2f319a05268
  subpackages:
  - oleutil
- name: github.com/go-redis/redis
  version: 86155dcfb790949e47605802d91e803475a570f3
  subpackages:
  - internal
  - internal/consistenthash
  - internal/hashtag
  - internal/pool
  - internal/proto
  - internal/singleflight
  - internal/util
- name: github.com/go-sql-driver/mysql
  version: 99ff426eb706cffe92ff3d058e168b278cabf7c7
- name: github.com/gobwas/glob
  version: f756513aec94125582ee6c0dc94179251ef87370
  subpackages:
  - compiler
  - match
  - syntax
  - syntax/ast
  - syntax/lexer
  - util/runes
  - util/strings
- name: github.com/gogo/protobuf
  version: 4c0a09cb3a526962bdfde2746608ae52964d391f
  subpackages:
  - proto
- name: github.com/golang/mock
  version: 600781dde9cca80734169b9e969d9054ccc57937
  subpackages:
  - gomock
- name: github.com/golang/protobuf
  version: b27b920f9e71b439b873b17bf99f56467623814a
  subpackages:
  - proto
  - ptypes
  - ptypes/any
  - ptypes/duration
  - ptypes/timestamp
- name: github.com/golang/snappy
  version: 2e65f85255dbc3072edf28d6b5b8efc472979f5a
- name: github.com/gorilla/context
  version: 08b5f424b9271eedf6f9f0ce86cb9396ed337a42
- name: github.com/gorilla/mux
  version: e48e440e4c92e3251d812f8ce7858944dfa3331c
- name: github.com/hailocab/go-hostpool
  version: e80d13ce29ede4452c43dea11e79b9bc8a15b478
- name: github.com/hashicorp/consul
  version: b1a34f899fb9d35455b5a00b834b0eb9cc3b8bde
  subpackages:
  - api
- name: github.com/hashicorp/go-cleanhttp
  version: d5fe4b57a186c716b0e00b8c301cbd9b4182694d
- name: github.com/hashicorp/go-immutable-radix
  version: 7f3cd4390caab3250a57f30efdb2a65dd7649ecf
- name: github.com/hashicorp/go-rootcerts
  version: 6bb64b370b90e7ef1fa532be9e591a81c3493e00
- name: github.com/hashicorp/golang-lru
  version: 0fb14efe8c47ae851c0034ed7a448854d3d34cf3
  subpackages:
  - simplelru
- name: github.com/hashicorp/serf
  version: 19bbd39e421bdf3559d5025fb2c760f5ffa56233
  subpackages:
  - coordinate
- name: github.com/influxdata/go-syslog
  version: eecd51df3ad85464a2bab9b7d3a45bc1e299059e
  subpackages:
  - rfc5424
  - rfc5425
- name: github.com/influxdata/tail
  version: c43482518d410361b6c383d7aebce33d0471d7bc
  subpackages:
  - ratelimiter
  - util
  - watch
  - winfile
- name: github.com/influxdata/telegraf
  version: 3adcc3a93d9a7cd27f07dfb5b5e4c2b6476533ba
  subpackages:
  - filter
  - internal
  - internal/config/aws
  - internal/globpath
  - internal/limiter
  - internal/templating
  - internal/tls
  - metric
  - plugins/inputs
  - plugins/inputs/activemq
  - plugins/inputs/aerospike
  - plugins/inputs/all
  - plugins/inputs/amqp_consumer
  - plugins/inputs/apache
  - plugins/inputs/aurora
  - plugins/inputs/bcache
  - plugins/inputs/bond
  - plugins/inputs/burrow
  - plugins/inputs/cassandra
  - plugins/inputs/ceph
  - plugins/inputs/cgroup
  - plugins/inputs/chrony
  - plugins/inputs/cloudwatch
  - plugins/inputs/conntrack
  - plugins/inputs/consul
  - plugins/inputs/couchbase
  - plugins/inputs/couchdb
  - plugins/inputs/cpu
  - plugins/inputs/dcos
  - plugins/inputs/disk
  - plugins/inputs/diskio
  - plugins/inputs/disque
  - plugins/inputs/dmcache
  - plugins/inputs/dns_query
  - plugins/inputs/docker
  - plugins/inputs/dovecot
  - plugins/inputs/elasticsearch
  - plugins/inputs/exec
  - plugins/inputs/fail2ban
  - plugins/inputs/fibaro
  - plugins/inputs/file
  - plugins/inputs/filecount
  - plugins/inputs/filestat
  - plugins/inputs/fluentd
  - plugins/inputs/graylog
  - plugins/inputs/haproxy
  - plugins/inputs/hddtemp
  - plugins/inputs/hddtemp/go-hddtemp
  - plugins/inputs/http
  - plugins/inputs/http_listener
  - plugins/inputs/http_response
  - plugins/inputs/httpjson
  - plugins/inputs/icinga2
  - plugins/inputs/influxdb
  - plugins/inputs/internal
  - plugins/inputs/interrupts
  - plugins/inputs/ipmi_sensor
  - plugins/inputs/ipset
  - plugins/inputs/iptables
  - plugins/inputs/jolokia
  - plugins/inputs/jolokia2
  - plugins/inputs/jti_openconfig_telemetry
  - plugins/inputs/jti_openconfig_telemetry/auth
  - plugins/inputs/jti_openconfig_telemetry/oc
  - plugins/inputs/kafka_consumer
  - plugins/inputs/kafka_consumer_legacy
  - plugins/inputs/kapacitor
  - plugins/inputs/kernel
  - plugins/inputs/kernel_vmstat
  - plugins/inputs/kibana
  - plugins/inputs/kubernetes
  - plugins/inputs/leofs
  - plugins/inputs/linux_sysctl_fs
  - plugins/inputs/logparser
  - plugins/inputs/lustre2
  - plugins/inputs/mailchimp
  - plugins/inputs/mcrouter
  - plugins/inputs/mem
  - plugins/inputs/memcached
  - plugins/inputs/mesos
  - plugins/inputs/minecraft
  - plugins/inputs/minecraft/internal/rcon
  - plugins/inputs/mongodb
  - plugins/inputs/mqtt_consumer
  - plugins/inputs/mysql
  - plugins/inputs/mysql/v1
  - plugins/inputs/nats
  - plugins/inputs/nats_consumer
  - plugins/inputs/net
  - plugins/inputs/net_response
  - plugins/inputs/nginx
  - plugins/inputs/nginx_plus
  - plugins/inputs/nsq
  - plugins/inputs/nsq_consumer
  - plugins/inputs/nstat
  - plugins/inputs/ntpq
  - plugins/inputs/nvidia_smi
  - plugins/inputs/openldap
  - plugins/inputs/opensmtpd
  - plugins/inputs/passenger
  - plugins/inputs/pf
  - plugins/inputs/pgbouncer
  - plugins/inputs/phpfpm
  - plugins/inputs/ping
  - plugins/inputs/postfix
  - plugins/inputs/postgresql
  - plugins/inputs/postgresql_extensible
  - plugins/inputs/powerdns
  - plugins/inputs/processes
  - plugins/inputs/procstat
  - plugins/inputs/prometheus
  - plugins/inputs/puppetagent
  - plugins/inputs/rabbitmq
  - plugins/inputs/raindrops
  - plugins/inputs/redis
  - plugins/inputs/rethinkdb
  - plugins/inputs/riak
  - plugins/inputs/salesforce
  - plugins/inputs/sensors
  - plugins/inputs/smart
  - plugins/inputs/snmp
  - plugins/inputs/snmp_legacy
  - plugins/inputs/socket_listener
  - plugins/inputs/solr
  - plugins/inputs/sqlserver
  - plugins/inputs/statsd
  - plugins/inputs/swap
  - plugins/inputs/syslog
  - plugins/inputs/sysstat
  - plugins/inputs/system
  - plugins/inputs/tail
  - plugins/inputs/tcp_listener
  - plugins/inputs/teamspeak
  - plugins/inputs/tengine
  - plugins/inputs/tomcat
  - plugins/inputs/trig
  - plugins/inputs/twemproxy
  - plugins/inputs/udp_listener
  - plugins/inputs/unbound
  - plugins/inputs/varnish
  - plugins/inputs/webhooks
  - plugins/inputs/webhooks/filestack
  - plugins/inputs/webhooks/github
  - plugins/inputs/webhooks/mandrill
  - plugins/inputs/webhooks/papertrail
  - plugins/inputs/webhooks/particle
  - plugins/inputs/webhooks/rollbar
  - plugins/inputs/win_perf_counters
  - plugins/inputs/win_services
  - plugins/inputs/x509_cert
  - plugins/inputs/zfs
  - plugins/inputs/zipkin
  - plugins/inputs/zipkin/codec
  - plugins/inputs/zipkin/codec/jsonV1
  - plugins/inputs/zipkin/codec/thrift
  - plugins/inputs/zipkin/trace
  - plugins/inputs/zookeeper
  - plugins/parsers
  - plugins/parsers/collectd
  - plugins/parsers/csv
  - plugins/parsers/dropwizard
  - plugins/parsers/graphite
  - plugins/parsers/grok
  - plugins/parsers/influx
  - plugins/parsers/json
  - plugins/parsers/logfmt
  - plugins/parsers/nagios
  - plugins/parsers/value
  - plugins/parsers/wavefront
  - selfstat
- name: github.com/jackc/pgx
  version: aa561b8f3c545aad9e0b5fb1514e440d330dd016
  subpackages:
  - chunkreader
  - internal/sanitize
  - pgio
  - pgproto3
  - pgtype
  - stdlib
- name: github.com/jmespath/go-jmespath
  version: c2b33e8439af944379acbdd9c3a5fe0bc44bd8a5
- name: github.com/kballard/go-shellquote
  version: 95032a82bc518f77982ea72343cc1ade730072f0
- name: github.com/kr/logfmt
  version: b84e30acd515aadc4b783ad4ff83aff3299bdfe0
- name: github.com/matttproud/golang_protobuf_extensions
  version: c12348ce28de40eed0136aa2b644d0ee0650e56c
  subpackages:
  - pbutil
- name: github.com/Microsoft/go-winio
  version: 97e4973ce50b2ff5f09635a57e2b88a037aae829
- name: github.com/miekg/dns
  version: 4bda1db8399af2743f88be0ddb0761dfa89f2853
- name: github.com/mitchellh/go-homedir
  version: ae18d6b8b3205b561c79e8e5f69bff09736185f4
- name: github.com/mitchellh/mapstructure
  version: fa473d140ef3c6adf42d6b391fe76707f1f243c8
- name: github.com/multiplay/go-ts3
  version: 2b2f7837244abe781adbe387931156c61eca803f
- name: github.com/nats-io/gnatsd
  version: 9333f9ff0fc80c5821664be382ae91c88898dccd
  subpackages:
  - conf
  - logger
  - server
  - server/pse
  - util
- name: github.com/nats-io/go-nats
  version: e232898e118187699f3a2beed741f3f6943406bc
  subpackages:
  - encoders/builtin
  - util
- name: github.com/nats-io/nuid
  version: 28b996b57a46dd0c2aa3a3dc7fa8780878331d00
  repo: https://github.com/nats-io/nuid
- name: github.com/nsqio/go-nsq
  version: be2eb35667954359e06a56f76dd629c54895b8b9
- name: github.com/opencontainers/go-digest
  version: c9281466c8b2f606084ac71339773efd177436e7
- name: github.com/opencontainers/image-spec
  version: e562b04403929d582d449ae5386ff79dd7961a11
  subpackages:
  - specs-go
  - specs-go/v1
- name: github.com/openzipkin/zipkin-go-opentracing
  version: b85dc675b16b116a00c351d2c41305bf9ae71293
  subpackages:
  - thrift/gen-go/zipkincore
- name: github.com/pierrec/lz4
  version: dbe9298ce0992bc74bd23afef466c795d0d8afa0
  subpackages:
  - internal/xxh32
- name: github.com/pkg/errors
  version: 816c9085562cd7ee03e7f8188a1cfd942858cded
- name: github.com/pmezard/go-difflib
  version: 792786c7400a136282c1664665ae0a8db921c6c2
  subpackages:
  - difflib
- name: github.com/prometheus/client_model
  version: 5c3871d89910bfb32f5fcab2aa4b9ec68e65a99f
  subpackages:
  - go
- name: github.com/prometheus/common
  version: c7de2306084e37d54b8be01f3541a8464345e9a5
  subpackages:
  - expfmt
  - internal/bitbucket.org/ww/goautoneg
  - log
  - model
- name: github.com/rcrowley/go-metrics
  version: e2704e165165ec55d062f5919b4b29494e9fa790
- name: github.com/samuel/go-zookeeper
  version: c4fab1ac1bec58281ad0667dc3f0907a9476ac47
  subpackages:
  - zk
- name: github.com/shirou/gopsutil
  version: ef54649286408053c0620d366dc06ead7d7cae5a
  subpackages:
  - cpu
  - disk
  - host
  - internal/common
  - load
  - mem
  - net
  - process
- name: github.com/shirou/w32
  version: bb4de0191aa41b5507caa14b0650cdbddcd9280b
- name: github.com/Shopify/sarama
  version: 647feef69a1a7e0e23cccceeb786176bc4fcf5ea
- name: github.com/sirupsen/logrus
  version: 51df1d314861d341546c26e4354ce760fe4bb02b
- name: github.com/soniah/gosnmp
  version: 3651b0e1a5302d5d5f6d47a2af02658f8bb36311
- name: github.com/StackExchange/wmi
  version: b12b22c5341f0c26d88c4d66176330500e84db68
- name: github.com/streadway/amqp
  version: 70e15c650864f4fc47f5d3c82ea117285480895d
- name: github.com/stretchr/objx
  version: ef50b0de28773081167c97fc27cf29a0bf8b8c71
- name: github.com/stretchr/testify
  version: f35b8ab0b5a2cef36673838d662e249dd9c94686
  subpackages:
  - assert
  - mock
- name: github.com/tidwall/gjson
  version: 1e3f6aeaa5bad08d777ea7807b279a07885dd8b2
- name: github.com/tidwall/match
  version: 1731857f09b1f38450e2c12409748407822dc6be
- name: github.com/vjeantet/grok
  version: 5a86c829f3c347ec23dbd632af2db0d3508c11ce
- name: github.com/wvanbergen/kafka
  version: e2edea948ddfee841ea9a263b32ccca15f7d6c2f
  subpackages:
  - consumergroup
- name: github.com/wvanbergen/kazoo-go
  version: f72d8611297a7cf105da904c04198ad701a60101
- name: github.com/yuin/gopher-lua
  version: b942cacc89fe49895d145e8b360612a9a51d0423
  subpackages:
  - ast
  - parse
  - pm
- name: github.com/zensqlmonitor/go-mssqldb
  version: e8fbf836e44e86764eba398361d1825651709547
- name: golang.org/x/crypto
  version: 9477e0b78b9ac3d0b03822fd95422e2fe07627cd
  subpackages:
  - bcrypt
  - blowfish
  - ed25519
  - ed25519/internal/edwards25519
  - md4
  - pbkdf2
  - ssh/terminal
- name: golang.org/x/net
  version: 8a410e7b638dca158bf9e766925842f6651ff828
  subpackages:
  - bpf
  - context
  - context/ctxhttp
  - html
  - html/atom
  - html/charset
  - http/httpguts
  - http2
  - http2/hpack
  - idna
  - internal/iana
  - internal/socket
  - internal/socks
  - internal/timeseries
  - ipv4
  - ipv6
  - proxy
  - trace
  - websocket
- name: golang.org/x/sys
  version: f7928cfef4d09d1b080aa2b6fd3ca9ba1567c733
  subpackages:
  - unix
  - windows
  - windows/registry
  - windows/svc
  - windows/svc/debug
  - windows/svc/eventlog
  - windows/svc/mgr
- name: golang.org/x/text
  version: 6e3c4e7365ddcc329f090f96e4348398f6310088
  subpackages:
  - encoding
  - encoding/charmap
  - encoding/htmlindex
  - encoding/internal
  - encoding/internal/identifier
  - encoding/japanese
  - encoding/korean
  - encoding/simplifiedchinese
  - encoding/traditionalchinese
  - encoding/unicode
  - internal/language
  - internal/language/compact
  - internal/tag
  - internal/utf8internal
  - language
  - runes
  - secure/bidirule
  - transform
  - unicode/bidi
  - unicode/norm
- name: google.golang.org/appengine
  version: 03cac3b07182cfb08c0d0c0b6ee72a1ceb151c92
  subpackages:
  - cloudsql
- name: google.golang.org/genproto
  version: c66870c02cf823ceb633bcd05be3c7cda29976f4
  subpackages:
  - googleapis/rpc/status
- name: google.golang.org/grpc
  version: 59dd9b3f19973f0bfd0ba07f9b3dcad41038751f
  subpackages:
  - balancer
  - balancer/base
  - balancer/roundrobin
  - codes
  - connectivity
  - credentials
  - encoding
  - encoding/proto
  - grpclog
  - internal
  - internal/backoff
  - internal/channelz
  - internal/envconfig
  - internal/grpcrand
  - internal/transport
  - keepalive
  - metadata
  - naming
  - peer
  - resolver
  - resolver/dns
  - resolver/passthrough
  - stats
  - status
  - tap
- name: gopkg.in/alecthomas/kingpin.v2
  version: 947dcec5ba9c011838740e680966fd7087a71d0d
- name: gopkg.in/asn1-ber.v1
  version: 379148ca0225df7a432012b8df0355c2a2063ac0
- name: gopkg.in/fatih/pool.v2
  version: 010e0b745d12eaf8426c95f9c3924d81dd0b668f
- name: gopkg.in/fsnotify.v1
  version: 7be54206639f256967dd82fa767397ba5f8f48f5
- name: gopkg.in/gorethink/gorethink.v3
  version: 7f5bdfd858bb064d80559b2a32b86669c5de5d3b
  subpackages:
  - encoding
  - ql2
  - types
- name: gopkg.in/ldap.v2
  version: bb7a9ca6e4fbc2129e3db588a34bc970ffe811a9
- name: gopkg.in/mgo.v2
  version: 9856a29383ce1c59f308dd1cf0363a79b5bef6b5
  subpackages:
  - bson
  - internal/json
  - internal/sasl
  - internal/scram
- name: gopkg.in/tomb.v1
  version: c131134a1947e9afd9cecfe11f4c6dff0732ae58
- name: gopkg.in/yaml.v2
  version: 5420a8b6744d3b0345ab293f6fcba19c978f1183
testImports: []
